// !$*UTF8*$!
{
	archiveVersion = 1;
	classes = {
	};
	objectVersion = 52;
	objects = {

/* Begin PBXBuildFile section */
		5118800824FC99B600E8D59D /* address.json in Resources */ = {isa = PBXBuildFile; fileRef = 5118800624FC99B600E8D59D /* address.json */; };
		5118800924FC99B600E8D59D /* weather.json in Resources */ = {isa = PBXBuildFile; fileRef = 5118800724FC99B600E8D59D /* weather.json */; };
		5140EB9724F508A000A33640 /* DINCond-Bold.otf in Resources */ = {isa = PBXBuildFile; fileRef = 5140EB9624F508A000A33640 /* DINCond-Bold.otf */; };
		519872AA24F4BD5D00ADC3F7 /* SceneDelegate.swift in Sources */ = {isa = PBXBuildFile; fileRef = 519872A924F4BD5D00ADC3F7 /* SceneDelegate.swift */; };
		519872AE24F4BD5F00ADC3F7 /* Assets.xcassets in Resources */ = {isa = PBXBuildFile; fileRef = 519872AD24F4BD5F00ADC3F7 /* Assets.xcassets */; };
		519872B124F4BD5F00ADC3F7 /* Preview Assets.xcassets in Resources */ = {isa = PBXBuildFile; fileRef = 519872B024F4BD5F00ADC3F7 /* Preview Assets.xcassets */; };
		519872B424F4BD6000ADC3F7 /* LaunchScreen.storyboard in Resources */ = {isa = PBXBuildFile; fileRef = 519872B224F4BD6000ADC3F7 /* LaunchScreen.storyboard */; };
		519872BF24F4BE8300ADC3F7 /* APIManager.swift in Sources */ = {isa = PBXBuildFile; fileRef = 519872BE24F4BE8300ADC3F7 /* APIManager.swift */; };
		519872C124F4C23A00ADC3F7 /* WeatherView.swift in Sources */ = {isa = PBXBuildFile; fileRef = 519872C024F4C23A00ADC3F7 /* WeatherView.swift */; };
		519872C324F4C25500ADC3F7 /* WeatherModel.swift in Sources */ = {isa = PBXBuildFile; fileRef = 519872C224F4C25500ADC3F7 /* WeatherModel.swift */; };
		519872C624F4C37900ADC3F7 /* Macro.swift in Sources */ = {isa = PBXBuildFile; fileRef = 519872C524F4C37900ADC3F7 /* Macro.swift */; };
		519872C824F4D31300ADC3F7 /* APIEnum.swift in Sources */ = {isa = PBXBuildFile; fileRef = 519872C724F4D31300ADC3F7 /* APIEnum.swift */; };
		519872CB24F4DB9400ADC3F7 /* WebImage.swift in Sources */ = {isa = PBXBuildFile; fileRef = 519872CA24F4DB9400ADC3F7 /* WebImage.swift */; };
		519872CF24F4E3D200ADC3F7 /* WeatherViewModel.swift in Sources */ = {isa = PBXBuildFile; fileRef = 519872CE24F4E3D200ADC3F7 /* WeatherViewModel.swift */; };
		519B1730251B0F4800284EF6 /* address.json in Resources */ = {isa = PBXBuildFile; fileRef = 5118800624FC99B600E8D59D /* address.json */; };
		519B1767251B200200284EF6 /* IntentHandler.swift in Sources */ = {isa = PBXBuildFile; fileRef = 519B1766251B200200284EF6 /* IntentHandler.swift */; };
		519B176B251B200200284EF6 /* AddressIntent.appex in Embed App Extensions */ = {isa = PBXBuildFile; fileRef = 519B1764251B200200284EF6 /* AddressIntent.appex */; settings = {ATTRIBUTES = (RemoveHeadersOnCopy, ); }; };
		51A6ACB525199E0E0094BDFB /* WidgetKit.framework in Frameworks */ = {isa = PBXBuildFile; fileRef = 51A6ACB425199E0E0094BDFB /* WidgetKit.framework */; platformFilter = ios; };
		51A6ACB725199E0E0094BDFB /* SwiftUI.framework in Frameworks */ = {isa = PBXBuildFile; fileRef = 51A6ACB625199E0E0094BDFB /* SwiftUI.framework */; };
		51A6ACBA25199E0E0094BDFB /* TodayWeather.swift in Sources */ = {isa = PBXBuildFile; fileRef = 51A6ACB925199E0E0094BDFB /* TodayWeather.swift */; };
		51A6ACBD25199E100094BDFB /* Assets.xcassets in Resources */ = {isa = PBXBuildFile; fileRef = 51A6ACBC25199E100094BDFB /* Assets.xcassets */; };
		51A6ACBF25199E100094BDFB /* TodayWeather.intentdefinition in Sources */ = {isa = PBXBuildFile; fileRef = 51A6ACBB25199E0E0094BDFB /* TodayWeather.intentdefinition */; };
		51A6ACC025199E100094BDFB /* TodayWeather.intentdefinition in Sources */ = {isa = PBXBuildFile; fileRef = 51A6ACBB25199E0E0094BDFB /* TodayWeather.intentdefinition */; };
		51A6ACC325199E100094BDFB /* TodayWeatherExtension.appex in Embed App Extensions */ = {isa = PBXBuildFile; fileRef = 51A6ACB225199E0E0094BDFB /* TodayWeatherExtension.appex */; settings = {ATTRIBUTES = (RemoveHeadersOnCopy, ); }; };
		51A6ACD22519A22F0094BDFB /* WidgetKit.framework in Frameworks */ = {isa = PBXBuildFile; fileRef = 51A6ACB425199E0E0094BDFB /* WidgetKit.framework */; platformFilter = ios; };
		51A6ACD32519A22F0094BDFB /* SwiftUI.framework in Frameworks */ = {isa = PBXBuildFile; fileRef = 51A6ACB625199E0E0094BDFB /* SwiftUI.framework */; };
		51A6ACD62519A22F0094BDFB /* SpecialDay.swift in Sources */ = {isa = PBXBuildFile; fileRef = 51A6ACD52519A22F0094BDFB /* SpecialDay.swift */; };
		51A6ACD82519A2310094BDFB /* Assets.xcassets in Resources */ = {isa = PBXBuildFile; fileRef = 51A6ACD72519A2310094BDFB /* Assets.xcassets */; };
		51A6ACDC2519A2310094BDFB /* SpecialDayExtension.appex in Embed App Extensions */ = {isa = PBXBuildFile; fileRef = 51A6ACD12519A22F0094BDFB /* SpecialDayExtension.appex */; settings = {ATTRIBUTES = (RemoveHeadersOnCopy, ); }; };
		51A6ACF02519AC170094BDFB /* DINCond-Bold.otf in Resources */ = {isa = PBXBuildFile; fileRef = 51A6ACEF2519AC170094BDFB /* DINCond-Bold.otf */; };
		51A6AD392519FA820094BDFB /* SmallView.swift in Sources */ = {isa = PBXBuildFile; fileRef = 51A6AD312519FA410094BDFB /* SmallView.swift */; };
		51C3C1F0251AED9600567DBA /* DINCond-Bold.otf in Resources */ = {isa = PBXBuildFile; fileRef = 51A6ACEF2519AC170094BDFB /* DINCond-Bold.otf */; };
		51C3C1F5251AF78C00567DBA /* MediumView.swift in Sources */ = {isa = PBXBuildFile; fileRef = 51C3C1F4251AF78C00567DBA /* MediumView.swift */; };
		51E4699524F5F05F009A3D85 /* Color-ext.swift in Sources */ = {isa = PBXBuildFile; fileRef = 51E4699424F5F05F009A3D85 /* Color-ext.swift */; };
		51EDF3C624F798740019C101 /* AddressView.swift in Sources */ = {isa = PBXBuildFile; fileRef = 51EDF3C524F798740019C101 /* AddressView.swift */; };
		51EDF3C824F799F30019C101 /* AddressViewModel.swift in Sources */ = {isa = PBXBuildFile; fileRef = 51EDF3C724F799F30019C101 /* AddressViewModel.swift */; };
		51EDF3CA24F79A440019C101 /* AddressModel.swift in Sources */ = {isa = PBXBuildFile; fileRef = 51EDF3C924F79A440019C101 /* AddressModel.swift */; };
		51F4A9C0251B214E0006742E /* SelectCharacterIntent.swift in Sources */ = {isa = PBXBuildFile; fileRef = 51F4A9BF251B214E0006742E /* SelectCharacterIntent.swift */; };
/* End PBXBuildFile section */

/* Begin PBXContainerItemProxy section */
		519B1769251B200200284EF6 /* PBXContainerItemProxy */ = {
			isa = PBXContainerItemProxy;
			containerPortal = 5198729C24F4BD5D00ADC3F7 /* Project object */;
			proxyType = 1;
			remoteGlobalIDString = 519B1763251B200200284EF6;
			remoteInfo = AddressIntent;
		};
		51A6ACC125199E100094BDFB /* PBXContainerItemProxy */ = {
			isa = PBXContainerItemProxy;
			containerPortal = 5198729C24F4BD5D00ADC3F7 /* Project object */;
			proxyType = 1;
			remoteGlobalIDString = 51A6ACB125199E0E0094BDFB;
			remoteInfo = TodayWeatherExtension;
		};
		51A6ACDA2519A2310094BDFB /* PBXContainerItemProxy */ = {
			isa = PBXContainerItemProxy;
			containerPortal = 5198729C24F4BD5D00ADC3F7 /* Project object */;
			proxyType = 1;
			remoteGlobalIDString = 51A6ACD02519A22F0094BDFB;
			remoteInfo = SpecialDayExtension;
		};
/* End PBXContainerItemProxy section */

/* Begin PBXCopyFilesBuildPhase section */
		51A6ACC525199E100094BDFB /* Embed App Extensions */ = {
			isa = PBXCopyFilesBuildPhase;
			buildActionMask = 2147483647;
			dstPath = "";
			dstSubfolderSpec = 13;
			files = (
				51A6ACC325199E100094BDFB /* TodayWeatherExtension.appex in Embed App Extensions */,
				51A6ACDC2519A2310094BDFB /* SpecialDayExtension.appex in Embed App Extensions */,
				519B176B251B200200284EF6 /* AddressIntent.appex in Embed App Extensions */,
			);
			name = "Embed App Extensions";
			runOnlyForDeploymentPostprocessing = 0;
		};
/* End PBXCopyFilesBuildPhase section */

/* Begin PBXFileReference section */
		5118800624FC99B600E8D59D /* address.json */ = {isa = PBXFileReference; fileEncoding = 4; lastKnownFileType = text.json; path = address.json; sourceTree = "<group>"; };
		5118800724FC99B600E8D59D /* weather.json */ = {isa = PBXFileReference; fileEncoding = 4; lastKnownFileType = text.json; path = weather.json; sourceTree = "<group>"; };
		5140EB9624F508A000A33640 /* DINCond-Bold.otf */ = {isa = PBXFileReference; lastKnownFileType = file; path = "DINCond-Bold.otf"; sourceTree = "<group>"; };
		519872A424F4BD5D00ADC3F7 /* weather.app */ = {isa = PBXFileReference; explicitFileType = wrapper.application; includeInIndex = 0; path = weather.app; sourceTree = BUILT_PRODUCTS_DIR; };
		519872A924F4BD5D00ADC3F7 /* SceneDelegate.swift */ = {isa = PBXFileReference; lastKnownFileType = sourcecode.swift; path = SceneDelegate.swift; sourceTree = "<group>"; };
		519872AD24F4BD5F00ADC3F7 /* Assets.xcassets */ = {isa = PBXFileReference; lastKnownFileType = folder.assetcatalog; path = Assets.xcassets; sourceTree = "<group>"; };
		519872B024F4BD5F00ADC3F7 /* Preview Assets.xcassets */ = {isa = PBXFileReference; lastKnownFileType = folder.assetcatalog; path = "Preview Assets.xcassets"; sourceTree = "<group>"; };
		519872B324F4BD6000ADC3F7 /* Base */ = {isa = PBXFileReference; lastKnownFileType = file.storyboard; name = Base; path = Base.lproj/LaunchScreen.storyboard; sourceTree = "<group>"; };
		519872B524F4BD6000ADC3F7 /* Info.plist */ = {isa = PBXFileReference; lastKnownFileType = text.plist.xml; path = Info.plist; sourceTree = "<group>"; };
		519872BE24F4BE8300ADC3F7 /* APIManager.swift */ = {isa = PBXFileReference; lastKnownFileType = sourcecode.swift; path = APIManager.swift; sourceTree = "<group>"; };
		519872C024F4C23A00ADC3F7 /* WeatherView.swift */ = {isa = PBXFileReference; lastKnownFileType = sourcecode.swift; path = WeatherView.swift; sourceTree = "<group>"; };
		519872C224F4C25500ADC3F7 /* WeatherModel.swift */ = {isa = PBXFileReference; lastKnownFileType = sourcecode.swift; path = WeatherModel.swift; sourceTree = "<group>"; };
		519872C524F4C37900ADC3F7 /* Macro.swift */ = {isa = PBXFileReference; lastKnownFileType = sourcecode.swift; path = Macro.swift; sourceTree = "<group>"; };
		519872C724F4D31300ADC3F7 /* APIEnum.swift */ = {isa = PBXFileReference; lastKnownFileType = sourcecode.swift; path = APIEnum.swift; sourceTree = "<group>"; };
		519872CA24F4DB9400ADC3F7 /* WebImage.swift */ = {isa = PBXFileReference; lastKnownFileType = sourcecode.swift; path = WebImage.swift; sourceTree = "<group>"; };
		519872CE24F4E3D200ADC3F7 /* WeatherViewModel.swift */ = {isa = PBXFileReference; lastKnownFileType = sourcecode.swift; path = WeatherViewModel.swift; sourceTree = "<group>"; };
		519B1764251B200200284EF6 /* AddressIntent.appex */ = {isa = PBXFileReference; explicitFileType = "wrapper.app-extension"; includeInIndex = 0; path = AddressIntent.appex; sourceTree = BUILT_PRODUCTS_DIR; };
		519B1766251B200200284EF6 /* IntentHandler.swift */ = {isa = PBXFileReference; lastKnownFileType = sourcecode.swift; path = IntentHandler.swift; sourceTree = "<group>"; };
		519B1768251B200200284EF6 /* Info.plist */ = {isa = PBXFileReference; lastKnownFileType = text.plist.xml; path = Info.plist; sourceTree = "<group>"; };
		519B176C251B200200284EF6 /* AddressIntent.entitlements */ = {isa = PBXFileReference; lastKnownFileType = text.plist.entitlements; path = AddressIntent.entitlements; sourceTree = "<group>"; };
		51A6ACB225199E0E0094BDFB /* TodayWeatherExtension.appex */ = {isa = PBXFileReference; explicitFileType = "wrapper.app-extension"; includeInIndex = 0; path = TodayWeatherExtension.appex; sourceTree = BUILT_PRODUCTS_DIR; };
		51A6ACB425199E0E0094BDFB /* WidgetKit.framework */ = {isa = PBXFileReference; lastKnownFileType = wrapper.framework; name = WidgetKit.framework; path = System/Library/Frameworks/WidgetKit.framework; sourceTree = SDKROOT; };
		51A6ACB625199E0E0094BDFB /* SwiftUI.framework */ = {isa = PBXFileReference; lastKnownFileType = wrapper.framework; name = SwiftUI.framework; path = System/Library/Frameworks/SwiftUI.framework; sourceTree = SDKROOT; };
		51A6ACB925199E0E0094BDFB /* TodayWeather.swift */ = {isa = PBXFileReference; lastKnownFileType = sourcecode.swift; path = TodayWeather.swift; sourceTree = "<group>"; };
		51A6ACBB25199E0E0094BDFB /* TodayWeather.intentdefinition */ = {isa = PBXFileReference; lastKnownFileType = file.intentdefinition; path = TodayWeather.intentdefinition; sourceTree = "<group>"; };
		51A6ACBC25199E100094BDFB /* Assets.xcassets */ = {isa = PBXFileReference; lastKnownFileType = folder.assetcatalog; path = Assets.xcassets; sourceTree = "<group>"; };
		51A6ACBE25199E100094BDFB /* Info.plist */ = {isa = PBXFileReference; lastKnownFileType = text.plist.xml; path = Info.plist; sourceTree = "<group>"; };
		51A6ACC425199E100094BDFB /* TodayWeatherExtension.entitlements */ = {isa = PBXFileReference; lastKnownFileType = text.plist.entitlements; path = TodayWeatherExtension.entitlements; sourceTree = "<group>"; };
		51A6ACD12519A22F0094BDFB /* SpecialDayExtension.appex */ = {isa = PBXFileReference; explicitFileType = "wrapper.app-extension"; includeInIndex = 0; path = SpecialDayExtension.appex; sourceTree = BUILT_PRODUCTS_DIR; };
		51A6ACD52519A22F0094BDFB /* SpecialDay.swift */ = {isa = PBXFileReference; lastKnownFileType = sourcecode.swift; path = SpecialDay.swift; sourceTree = "<group>"; };
		51A6ACD72519A2310094BDFB /* Assets.xcassets */ = {isa = PBXFileReference; lastKnownFileType = folder.assetcatalog; path = Assets.xcassets; sourceTree = "<group>"; };
		51A6ACD92519A2310094BDFB /* Info.plist */ = {isa = PBXFileReference; lastKnownFileType = text.plist.xml; path = Info.plist; sourceTree = "<group>"; };
		51A6ACDD2519A2310094BDFB /* SpecialDayExtension.entitlements */ = {isa = PBXFileReference; lastKnownFileType = text.plist.entitlements; path = SpecialDayExtension.entitlements; sourceTree = "<group>"; };
		51A6ACEF2519AC170094BDFB /* DINCond-Bold.otf */ = {isa = PBXFileReference; lastKnownFileType = file; path = "DINCond-Bold.otf"; sourceTree = "<group>"; };
		51A6AD312519FA410094BDFB /* SmallView.swift */ = {isa = PBXFileReference; lastKnownFileType = sourcecode.swift; path = SmallView.swift; sourceTree = "<group>"; };
		51C3C1F4251AF78C00567DBA /* MediumView.swift */ = {isa = PBXFileReference; fileEncoding = 4; lastKnownFileType = sourcecode.swift; path = MediumView.swift; sourceTree = "<group>"; };
		51C3C216251AFC6A00567DBA /* IntentsUI.framework */ = {isa = PBXFileReference; lastKnownFileType = wrapper.framework; name = IntentsUI.framework; path = System/Library/Frameworks/IntentsUI.framework; sourceTree = SDKROOT; };
		51C8885824F7572000021D5E /* weather.entitlements */ = {isa = PBXFileReference; lastKnownFileType = text.plist.entitlements; path = weather.entitlements; sourceTree = "<group>"; };
		51E4699424F5F05F009A3D85 /* Color-ext.swift */ = {isa = PBXFileReference; lastKnownFileType = sourcecode.swift; path = "Color-ext.swift"; sourceTree = "<group>"; };
		51EDF3C524F798740019C101 /* AddressView.swift */ = {isa = PBXFileReference; lastKnownFileType = sourcecode.swift; path = AddressView.swift; sourceTree = "<group>"; };
		51EDF3C724F799F30019C101 /* AddressViewModel.swift */ = {isa = PBXFileReference; lastKnownFileType = sourcecode.swift; path = AddressViewModel.swift; sourceTree = "<group>"; };
		51EDF3C924F79A440019C101 /* AddressModel.swift */ = {isa = PBXFileReference; lastKnownFileType = sourcecode.swift; path = AddressModel.swift; sourceTree = "<group>"; };
		51F4A9BF251B214E0006742E /* SelectCharacterIntent.swift */ = {isa = PBXFileReference; lastKnownFileType = sourcecode.swift; path = SelectCharacterIntent.swift; sourceTree = "<group>"; };
/* End PBXFileReference section */

/* Begin PBXFrameworksBuildPhase section */
		519872A124F4BD5D00ADC3F7 /* Frameworks */ = {
			isa = PBXFrameworksBuildPhase;
			buildActionMask = 2147483647;
			files = (
			);
			runOnlyForDeploymentPostprocessing = 0;
		};
		519B1761251B200200284EF6 /* Frameworks */ = {
			isa = PBXFrameworksBuildPhase;
			buildActionMask = 2147483647;
			files = (
			);
			runOnlyForDeploymentPostprocessing = 0;
		};
		51A6ACAF25199E0E0094BDFB /* Frameworks */ = {
			isa = PBXFrameworksBuildPhase;
			buildActionMask = 2147483647;
			files = (
				51A6ACB725199E0E0094BDFB /* SwiftUI.framework in Frameworks */,
				51A6ACB525199E0E0094BDFB /* WidgetKit.framework in Frameworks */,
			);
			runOnlyForDeploymentPostprocessing = 0;
		};
		51A6ACCE2519A22F0094BDFB /* Frameworks */ = {
			isa = PBXFrameworksBuildPhase;
			buildActionMask = 2147483647;
			files = (
				51A6ACD32519A22F0094BDFB /* SwiftUI.framework in Frameworks */,
				51A6ACD22519A22F0094BDFB /* WidgetKit.framework in Frameworks */,
			);
			runOnlyForDeploymentPostprocessing = 0;
		};
/* End PBXFrameworksBuildPhase section */

/* Begin PBXGroup section */
		5198729B24F4BD5D00ADC3F7 = {
			isa = PBXGroup;
			children = (
				51A6ACDD2519A2310094BDFB /* SpecialDayExtension.entitlements */,
				51A6ACC425199E100094BDFB /* TodayWeatherExtension.entitlements */,
				519872A624F4BD5D00ADC3F7 /* WeatherSwiftUIDemo */,
				51A6ACB825199E0E0094BDFB /* TodayWeather */,
				51A6ACD42519A22F0094BDFB /* SpecialDay */,
				519B1765251B200200284EF6 /* AddressIntent */,
				51A6ACB325199E0E0094BDFB /* Frameworks */,
				519872A524F4BD5D00ADC3F7 /* Products */,
			);
			sourceTree = "<group>";
		};
		519872A524F4BD5D00ADC3F7 /* Products */ = {
			isa = PBXGroup;
			children = (
				519872A424F4BD5D00ADC3F7 /* weather.app */,
				51A6ACB225199E0E0094BDFB /* TodayWeatherExtension.appex */,
				51A6ACD12519A22F0094BDFB /* SpecialDayExtension.appex */,
				519B1764251B200200284EF6 /* AddressIntent.appex */,
			);
			name = Products;
			sourceTree = "<group>";
		};
		519872A624F4BD5D00ADC3F7 /* WeatherSwiftUIDemo */ = {
			isa = PBXGroup;
			children = (
				51C8885824F7572000021D5E /* weather.entitlements */,
				519872A924F4BD5D00ADC3F7 /* SceneDelegate.swift */,
				519872C424F4C36900ADC3F7 /* Macro */,
				51E4699324F5F04C009A3D85 /* Category */,
				519872BC24F4BDF900ADC3F7 /* Sections */,
				519872BB24F4BDF200ADC3F7 /* Tools */,
				519872BD24F4BE2000ADC3F7 /* Vendors */,
				519872B524F4BD6000ADC3F7 /* Info.plist */,
				519872B224F4BD6000ADC3F7 /* LaunchScreen.storyboard */,
				519872AD24F4BD5F00ADC3F7 /* Assets.xcassets */,
				519872AF24F4BD5F00ADC3F7 /* Preview Content */,
			);
			path = WeatherSwiftUIDemo;
			sourceTree = "<group>";
		};
		519872AF24F4BD5F00ADC3F7 /* Preview Content */ = {
			isa = PBXGroup;
			children = (
				519872B024F4BD5F00ADC3F7 /* Preview Assets.xcassets */,
			);
			path = "Preview Content";
			sourceTree = "<group>";
		};
		519872BB24F4BDF200ADC3F7 /* Tools */ = {
			isa = PBXGroup;
			children = (
				519872C924F4DB7700ADC3F7 /* APIManager */,
				519872CA24F4DB9400ADC3F7 /* WebImage.swift */,
			);
			path = Tools;
			sourceTree = "<group>";
		};
		519872BC24F4BDF900ADC3F7 /* Sections */ = {
			isa = PBXGroup;
			children = (
				51E4699624F5F076009A3D85 /* Main */,
			);
			path = Sections;
			sourceTree = "<group>";
		};
		519872BD24F4BE2000ADC3F7 /* Vendors */ = {
			isa = PBXGroup;
			children = (
				5118800624FC99B600E8D59D /* address.json */,
				5118800724FC99B600E8D59D /* weather.json */,
				5140EB9624F508A000A33640 /* DINCond-Bold.otf */,
			);
			path = Vendors;
			sourceTree = "<group>";
		};
		519872C424F4C36900ADC3F7 /* Macro */ = {
			isa = PBXGroup;
			children = (
				519872C524F4C37900ADC3F7 /* Macro.swift */,
			);
			path = Macro;
			sourceTree = "<group>";
		};
		519872C924F4DB7700ADC3F7 /* APIManager */ = {
			isa = PBXGroup;
			children = (
				519872C724F4D31300ADC3F7 /* APIEnum.swift */,
				519872BE24F4BE8300ADC3F7 /* APIManager.swift */,
			);
			path = APIManager;
			sourceTree = "<group>";
		};
		519B1765251B200200284EF6 /* AddressIntent */ = {
			isa = PBXGroup;
			children = (
				519B176C251B200200284EF6 /* AddressIntent.entitlements */,
				51F4A9BF251B214E0006742E /* SelectCharacterIntent.swift */,
				519B1766251B200200284EF6 /* IntentHandler.swift */,
				519B1768251B200200284EF6 /* Info.plist */,
			);
			path = AddressIntent;
			sourceTree = "<group>";
		};
		51A6ACB325199E0E0094BDFB /* Frameworks */ = {
			isa = PBXGroup;
			children = (
				51A6ACB425199E0E0094BDFB /* WidgetKit.framework */,
				51A6ACB625199E0E0094BDFB /* SwiftUI.framework */,
				51C3C216251AFC6A00567DBA /* IntentsUI.framework */,
			);
			name = Frameworks;
			sourceTree = "<group>";
		};
		51A6ACB825199E0E0094BDFB /* TodayWeather */ = {
			isa = PBXGroup;
			children = (
				51A6ACB925199E0E0094BDFB /* TodayWeather.swift */,
				51A6AD312519FA410094BDFB /* SmallView.swift */,
				51C3C1F4251AF78C00567DBA /* MediumView.swift */,
				51A6ACBB25199E0E0094BDFB /* TodayWeather.intentdefinition */,
				51A6ACBC25199E100094BDFB /* Assets.xcassets */,
				51A6ACBE25199E100094BDFB /* Info.plist */,
			);
			path = TodayWeather;
			sourceTree = "<group>";
		};
		51A6ACD42519A22F0094BDFB /* SpecialDay */ = {
			isa = PBXGroup;
			children = (
				51A6ACD52519A22F0094BDFB /* SpecialDay.swift */,
				51A6ACD72519A2310094BDFB /* Assets.xcassets */,
				51A6ACEF2519AC170094BDFB /* DINCond-Bold.otf */,
				51A6ACD92519A2310094BDFB /* Info.plist */,
			);
			path = SpecialDay;
			sourceTree = "<group>";
		};
		51E4699324F5F04C009A3D85 /* Category */ = {
			isa = PBXGroup;
			children = (
				51E4699424F5F05F009A3D85 /* Color-ext.swift */,
			);
			path = Category;
			sourceTree = "<group>";
		};
		51E4699624F5F076009A3D85 /* Main */ = {
			isa = PBXGroup;
			children = (
				51E4699924F5F2CA009A3D85 /* ViewModel */,
				51E4699824F5F2C3009A3D85 /* Model */,
				51E4699724F5F2BD009A3D85 /* View */,
			);
			path = Main;
			sourceTree = "<group>";
		};
		51E4699724F5F2BD009A3D85 /* View */ = {
			isa = PBXGroup;
			children = (
				519872C024F4C23A00ADC3F7 /* WeatherView.swift */,
				51EDF3C524F798740019C101 /* AddressView.swift */,
			);
			path = View;
			sourceTree = "<group>";
		};
		51E4699824F5F2C3009A3D85 /* Model */ = {
			isa = PBXGroup;
			children = (
				519872C224F4C25500ADC3F7 /* WeatherModel.swift */,
				51EDF3C924F79A440019C101 /* AddressModel.swift */,
			);
			path = Model;
			sourceTree = "<group>";
		};
		51E4699924F5F2CA009A3D85 /* ViewModel */ = {
			isa = PBXGroup;
			children = (
				519872CE24F4E3D200ADC3F7 /* WeatherViewModel.swift */,
				51EDF3C724F799F30019C101 /* AddressViewModel.swift */,
			);
			path = ViewModel;
			sourceTree = "<group>";
		};
/* End PBXGroup section */

/* Begin PBXNativeTarget section */
		519872A324F4BD5D00ADC3F7 /* WeatherSwiftUIDemo */ = {
			isa = PBXNativeTarget;
			buildConfigurationList = 519872B824F4BD6000ADC3F7 /* Build configuration list for PBXNativeTarget "WeatherSwiftUIDemo" */;
			buildPhases = (
				519872A024F4BD5D00ADC3F7 /* Sources */,
				519872A124F4BD5D00ADC3F7 /* Frameworks */,
				519872A224F4BD5D00ADC3F7 /* Resources */,
				51A6ACC525199E100094BDFB /* Embed App Extensions */,
			);
			buildRules = (
			);
			dependencies = (
				51A6ACC225199E100094BDFB /* PBXTargetDependency */,
				51A6ACDB2519A2310094BDFB /* PBXTargetDependency */,
				519B176A251B200200284EF6 /* PBXTargetDependency */,
			);
			name = WeatherSwiftUIDemo;
			productName = WeatherSwiftUIDemo;
			productReference = 519872A424F4BD5D00ADC3F7 /* weather.app */;
			productType = "com.apple.product-type.application";
		};
		519B1763251B200200284EF6 /* AddressIntent */ = {
			isa = PBXNativeTarget;
			buildConfigurationList = 519B176D251B200200284EF6 /* Build configuration list for PBXNativeTarget "AddressIntent" */;
			buildPhases = (
				519B1760251B200200284EF6 /* Sources */,
				519B1761251B200200284EF6 /* Frameworks */,
				519B1762251B200200284EF6 /* Resources */,
			);
			buildRules = (
			);
			dependencies = (
			);
			name = AddressIntent;
			productName = AddressIntent;
			productReference = 519B1764251B200200284EF6 /* AddressIntent.appex */;
			productType = "com.apple.product-type.app-extension";
		};
		51A6ACB125199E0E0094BDFB /* TodayWeatherExtension */ = {
			isa = PBXNativeTarget;
			buildConfigurationList = 51A6ACC825199E100094BDFB /* Build configuration list for PBXNativeTarget "TodayWeatherExtension" */;
			buildPhases = (
				51A6ACAE25199E0E0094BDFB /* Sources */,
				51A6ACAF25199E0E0094BDFB /* Frameworks */,
				51A6ACB025199E0E0094BDFB /* Resources */,
			);
			buildRules = (
			);
			dependencies = (
			);
			name = TodayWeatherExtension;
			productName = TodayWeatherExtension;
			productReference = 51A6ACB225199E0E0094BDFB /* TodayWeatherExtension.appex */;
			productType = "com.apple.product-type.app-extension";
		};
		51A6ACD02519A22F0094BDFB /* SpecialDayExtension */ = {
			isa = PBXNativeTarget;
			buildConfigurationList = 51A6ACDE2519A2310094BDFB /* Build configuration list for PBXNativeTarget "SpecialDayExtension" */;
			buildPhases = (
				51A6ACCD2519A22F0094BDFB /* Sources */,
				51A6ACCE2519A22F0094BDFB /* Frameworks */,
				51A6ACCF2519A22F0094BDFB /* Resources */,
			);
			buildRules = (
			);
			dependencies = (
			);
			name = SpecialDayExtension;
			productName = SpecialDayExtension;
			productReference = 51A6ACD12519A22F0094BDFB /* SpecialDayExtension.appex */;
			productType = "com.apple.product-type.app-extension";
		};
/* End PBXNativeTarget section */

/* Begin PBXProject section */
		5198729C24F4BD5D00ADC3F7 /* Project object */ = {
			isa = PBXProject;
			attributes = {
				LastSwiftUpdateCheck = 1200;
				LastUpgradeCheck = 1200;
				ORGANIZATIONNAME = zcc;
				TargetAttributes = {
					519872A324F4BD5D00ADC3F7 = {
						CreatedOnToolsVersion = 11.6;
					};
					519B1763251B200200284EF6 = {
						CreatedOnToolsVersion = 12.0;
					};
					51A6ACB125199E0E0094BDFB = {
						CreatedOnToolsVersion = 12.0;
					};
					51A6ACD02519A22F0094BDFB = {
						CreatedOnToolsVersion = 12.0;
					};
				};
			};
			buildConfigurationList = 5198729F24F4BD5D00ADC3F7 /* Build configuration list for PBXProject "WeatherSwiftUIDemo" */;
			compatibilityVersion = "Xcode 9.3";
			developmentRegion = en;
			hasScannedForEncodings = 0;
			knownRegions = (
				en,
				Base,
			);
			mainGroup = 5198729B24F4BD5D00ADC3F7;
			productRefGroup = 519872A524F4BD5D00ADC3F7 /* Products */;
			projectDirPath = "";
			projectRoot = "";
			targets = (
				519872A324F4BD5D00ADC3F7 /* WeatherSwiftUIDemo */,
				51A6ACB125199E0E0094BDFB /* TodayWeatherExtension */,
				51A6ACD02519A22F0094BDFB /* SpecialDayExtension */,
				519B1763251B200200284EF6 /* AddressIntent */,
			);
		};
/* End PBXProject section */

/* Begin PBXResourcesBuildPhase section */
		519872A224F4BD5D00ADC3F7 /* Resources */ = {
			isa = PBXResourcesBuildPhase;
			buildActionMask = 2147483647;
			files = (
				5140EB9724F508A000A33640 /* DINCond-Bold.otf in Resources */,
				519872B424F4BD6000ADC3F7 /* LaunchScreen.storyboard in Resources */,
				5118800824FC99B600E8D59D /* address.json in Resources */,
				5118800924FC99B600E8D59D /* weather.json in Resources */,
				519872B124F4BD5F00ADC3F7 /* Preview Assets.xcassets in Resources */,
				519872AE24F4BD5F00ADC3F7 /* Assets.xcassets in Resources */,
			);
			runOnlyForDeploymentPostprocessing = 0;
		};
		519B1762251B200200284EF6 /* Resources */ = {
			isa = PBXResourcesBuildPhase;
			buildActionMask = 2147483647;
			files = (
			);
			runOnlyForDeploymentPostprocessing = 0;
		};
		51A6ACB025199E0E0094BDFB /* Resources */ = {
			isa = PBXResourcesBuildPhase;
			buildActionMask = 2147483647;
			files = (
				51C3C1F0251AED9600567DBA /* DINCond-Bold.otf in Resources */,
				51A6ACBD25199E100094BDFB /* Assets.xcassets in Resources */,
				519B1730251B0F4800284EF6 /* address.json in Resources */,
			);
			runOnlyForDeploymentPostprocessing = 0;
		};
		51A6ACCF2519A22F0094BDFB /* Resources */ = {
			isa = PBXResourcesBuildPhase;
			buildActionMask = 2147483647;
			files = (
				51A6ACF02519AC170094BDFB /* DINCond-Bold.otf in Resources */,
				51A6ACD82519A2310094BDFB /* Assets.xcassets in Resources */,
			);
			runOnlyForDeploymentPostprocessing = 0;
		};
/* End PBXResourcesBuildPhase section */

/* Begin PBXSourcesBuildPhase section */
		519872A024F4BD5D00ADC3F7 /* Sources */ = {
			isa = PBXSourcesBuildPhase;
			buildActionMask = 2147483647;
			files = (
				519872CB24F4DB9400ADC3F7 /* WebImage.swift in Sources */,
				519872C124F4C23A00ADC3F7 /* WeatherView.swift in Sources */,
				51EDF3C824F799F30019C101 /* AddressViewModel.swift in Sources */,
				519872BF24F4BE8300ADC3F7 /* APIManager.swift in Sources */,
				519872C324F4C25500ADC3F7 /* WeatherModel.swift in Sources */,
				51EDF3C624F798740019C101 /* AddressView.swift in Sources */,
				519872AA24F4BD5D00ADC3F7 /* SceneDelegate.swift in Sources */,
				519872CF24F4E3D200ADC3F7 /* WeatherViewModel.swift in Sources */,
				51A6ACC025199E100094BDFB /* TodayWeather.intentdefinition in Sources */,
				51EDF3CA24F79A440019C101 /* AddressModel.swift in Sources */,
				519872C624F4C37900ADC3F7 /* Macro.swift in Sources */,
				51E4699524F5F05F009A3D85 /* Color-ext.swift in Sources */,
				519872C824F4D31300ADC3F7 /* APIEnum.swift in Sources */,
			);
			runOnlyForDeploymentPostprocessing = 0;
		};
		519B1760251B200200284EF6 /* Sources */ = {
			isa = PBXSourcesBuildPhase;
			buildActionMask = 2147483647;
			files = (
				519B1767251B200200284EF6 /* IntentHandler.swift in Sources */,
				51F4A9C0251B214E0006742E /* SelectCharacterIntent.swift in Sources */,
			);
			runOnlyForDeploymentPostprocessing = 0;
		};
		51A6ACAE25199E0E0094BDFB /* Sources */ = {
			isa = PBXSourcesBuildPhase;
			buildActionMask = 2147483647;
			files = (
				51A6ACBA25199E0E0094BDFB /* TodayWeather.swift in Sources */,
				51A6AD392519FA820094BDFB /* SmallView.swift in Sources */,
				51A6ACBF25199E100094BDFB /* TodayWeather.intentdefinition in Sources */,
				51C3C1F5251AF78C00567DBA /* MediumView.swift in Sources */,
			);
			runOnlyForDeploymentPostprocessing = 0;
		};
		51A6ACCD2519A22F0094BDFB /* Sources */ = {
			isa = PBXSourcesBuildPhase;
			buildActionMask = 2147483647;
			files = (
				51A6ACD62519A22F0094BDFB /* SpecialDay.swift in Sources */,
			);
			runOnlyForDeploymentPostprocessing = 0;
		};
/* End PBXSourcesBuildPhase section */

/* Begin PBXTargetDependency section */
		519B176A251B200200284EF6 /* PBXTargetDependency */ = {
			isa = PBXTargetDependency;
			target = 519B1763251B200200284EF6 /* AddressIntent */;
			targetProxy = 519B1769251B200200284EF6 /* PBXContainerItemProxy */;
		};
		51A6ACC225199E100094BDFB /* PBXTargetDependency */ = {
			isa = PBXTargetDependency;
			target = 51A6ACB125199E0E0094BDFB /* TodayWeatherExtension */;
			targetProxy = 51A6ACC125199E100094BDFB /* PBXContainerItemProxy */;
		};
		51A6ACDB2519A2310094BDFB /* PBXTargetDependency */ = {
			isa = PBXTargetDependency;
			target = 51A6ACD02519A22F0094BDFB /* SpecialDayExtension */;
			targetProxy = 51A6ACDA2519A2310094BDFB /* PBXContainerItemProxy */;
		};
/* End PBXTargetDependency section */

/* Begin PBXVariantGroup section */
		519872B224F4BD6000ADC3F7 /* LaunchScreen.storyboard */ = {
			isa = PBXVariantGroup;
			children = (
				519872B324F4BD6000ADC3F7 /* Base */,
			);
			name = LaunchScreen.storyboard;
			sourceTree = "<group>";
		};
/* End PBXVariantGroup section */

/* Begin XCBuildConfiguration section */
		519872B624F4BD6000ADC3F7 /* Debug */ = {
			isa = XCBuildConfiguration;
			buildSettings = {
				ALWAYS_SEARCH_USER_PATHS = NO;
				CLANG_ANALYZER_NONNULL = YES;
				CLANG_ANALYZER_NUMBER_OBJECT_CONVERSION = YES_AGGRESSIVE;
				CLANG_CXX_LANGUAGE_STANDARD = "gnu++14";
				CLANG_CXX_LIBRARY = "libc++";
				CLANG_ENABLE_MODULES = YES;
				CLANG_ENABLE_OBJC_ARC = YES;
				CLANG_ENABLE_OBJC_WEAK = YES;
				CLANG_WARN_BLOCK_CAPTURE_AUTORELEASING = YES;
				CLANG_WARN_BOOL_CONVERSION = YES;
				CLANG_WARN_COMMA = YES;
				CLANG_WARN_CONSTANT_CONVERSION = YES;
				CLANG_WARN_DEPRECATED_OBJC_IMPLEMENTATIONS = YES;
				CLANG_WARN_DIRECT_OBJC_ISA_USAGE = YES_ERROR;
				CLANG_WARN_DOCUMENTATION_COMMENTS = YES;
				CLANG_WARN_EMPTY_BODY = YES;
				CLANG_WARN_ENUM_CONVERSION = YES;
				CLANG_WARN_INFINITE_RECURSION = YES;
				CLANG_WARN_INT_CONVERSION = YES;
				CLANG_WARN_NON_LITERAL_NULL_CONVERSION = YES;
				CLANG_WARN_OBJC_IMPLICIT_RETAIN_SELF = YES;
				CLANG_WARN_OBJC_LITERAL_CONVERSION = YES;
				CLANG_WARN_OBJC_ROOT_CLASS = YES_ERROR;
				CLANG_WARN_QUOTED_INCLUDE_IN_FRAMEWORK_HEADER = YES;
				CLANG_WARN_RANGE_LOOP_ANALYSIS = YES;
				CLANG_WARN_STRICT_PROTOTYPES = YES;
				CLANG_WARN_SUSPICIOUS_MOVE = YES;
				CLANG_WARN_UNGUARDED_AVAILABILITY = YES_AGGRESSIVE;
				CLANG_WARN_UNREACHABLE_CODE = YES;
				CLANG_WARN__DUPLICATE_METHOD_MATCH = YES;
				COPY_PHASE_STRIP = NO;
				DEBUG_INFORMATION_FORMAT = dwarf;
				ENABLE_STRICT_OBJC_MSGSEND = YES;
				ENABLE_TESTABILITY = YES;
				GCC_C_LANGUAGE_STANDARD = gnu11;
				GCC_DYNAMIC_NO_PIC = NO;
				GCC_NO_COMMON_BLOCKS = YES;
				GCC_OPTIMIZATION_LEVEL = 0;
				GCC_PREPROCESSOR_DEFINITIONS = (
					"DEBUG=1",
					"$(inherited)",
				);
				GCC_WARN_64_TO_32_BIT_CONVERSION = YES;
				GCC_WARN_ABOUT_RETURN_TYPE = YES_ERROR;
				GCC_WARN_UNDECLARED_SELECTOR = YES;
				GCC_WARN_UNINITIALIZED_AUTOS = YES_AGGRESSIVE;
				GCC_WARN_UNUSED_FUNCTION = YES;
				GCC_WARN_UNUSED_VARIABLE = YES;
				IPHONEOS_DEPLOYMENT_TARGET = 13.6;
				MTL_ENABLE_DEBUG_INFO = INCLUDE_SOURCE;
				MTL_FAST_MATH = YES;
				ONLY_ACTIVE_ARCH = YES;
				SDKROOT = iphoneos;
				SWIFT_ACTIVE_COMPILATION_CONDITIONS = DEBUG;
				SWIFT_OPTIMIZATION_LEVEL = "-Onone";
			};
			name = Debug;
		};
		519872B724F4BD6000ADC3F7 /* Release */ = {
			isa = XCBuildConfiguration;
			buildSettings = {
				ALWAYS_SEARCH_USER_PATHS = NO;
				CLANG_ANALYZER_NONNULL = YES;
				CLANG_ANALYZER_NUMBER_OBJECT_CONVERSION = YES_AGGRESSIVE;
				CLANG_CXX_LANGUAGE_STANDARD = "gnu++14";
				CLANG_CXX_LIBRARY = "libc++";
				CLANG_ENABLE_MODULES = YES;
				CLANG_ENABLE_OBJC_ARC = YES;
				CLANG_ENABLE_OBJC_WEAK = YES;
				CLANG_WARN_BLOCK_CAPTURE_AUTORELEASING = YES;
				CLANG_WARN_BOOL_CONVERSION = YES;
				CLANG_WARN_COMMA = YES;
				CLANG_WARN_CONSTANT_CONVERSION = YES;
				CLANG_WARN_DEPRECATED_OBJC_IMPLEMENTATIONS = YES;
				CLANG_WARN_DIRECT_OBJC_ISA_USAGE = YES_ERROR;
				CLANG_WARN_DOCUMENTATION_COMMENTS = YES;
				CLANG_WARN_EMPTY_BODY = YES;
				CLANG_WARN_ENUM_CONVERSION = YES;
				CLANG_WARN_INFINITE_RECURSION = YES;
				CLANG_WARN_INT_CONVERSION = YES;
				CLANG_WARN_NON_LITERAL_NULL_CONVERSION = YES;
				CLANG_WARN_OBJC_IMPLICIT_RETAIN_SELF = YES;
				CLANG_WARN_OBJC_LITERAL_CONVERSION = YES;
				CLANG_WARN_OBJC_ROOT_CLASS = YES_ERROR;
				CLANG_WARN_QUOTED_INCLUDE_IN_FRAMEWORK_HEADER = YES;
				CLANG_WARN_RANGE_LOOP_ANALYSIS = YES;
				CLANG_WARN_STRICT_PROTOTYPES = YES;
				CLANG_WARN_SUSPICIOUS_MOVE = YES;
				CLANG_WARN_UNGUARDED_AVAILABILITY = YES_AGGRESSIVE;
				CLANG_WARN_UNREACHABLE_CODE = YES;
				CLANG_WARN__DUPLICATE_METHOD_MATCH = YES;
				COPY_PHASE_STRIP = NO;
				DEBUG_INFORMATION_FORMAT = "dwarf-with-dsym";
				ENABLE_NS_ASSERTIONS = NO;
				ENABLE_STRICT_OBJC_MSGSEND = YES;
				GCC_C_LANGUAGE_STANDARD = gnu11;
				GCC_NO_COMMON_BLOCKS = YES;
				GCC_WARN_64_TO_32_BIT_CONVERSION = YES;
				GCC_WARN_ABOUT_RETURN_TYPE = YES_ERROR;
				GCC_WARN_UNDECLARED_SELECTOR = YES;
				GCC_WARN_UNINITIALIZED_AUTOS = YES_AGGRESSIVE;
				GCC_WARN_UNUSED_FUNCTION = YES;
				GCC_WARN_UNUSED_VARIABLE = YES;
				IPHONEOS_DEPLOYMENT_TARGET = 13.6;
				MTL_ENABLE_DEBUG_INFO = NO;
				MTL_FAST_MATH = YES;
				SDKROOT = iphoneos;
				SWIFT_COMPILATION_MODE = wholemodule;
				SWIFT_OPTIMIZATION_LEVEL = "-O";
				VALIDATE_PRODUCT = YES;
			};
			name = Release;
		};
		519872B924F4BD6000ADC3F7 /* Debug */ = {
			isa = XCBuildConfiguration;
			buildSettings = {
				ALWAYS_EMBED_SWIFT_STANDARD_LIBRARIES = YES;
				ASSETCATALOG_COMPILER_APPICON_NAME = AppIcon;
				CODE_SIGN_ENTITLEMENTS = WeatherSwiftUIDemo/weather.entitlements;
				CODE_SIGN_IDENTITY = "Apple Development";
				CODE_SIGN_STYLE = Automatic;
				DEVELOPMENT_ASSET_PATHS = "\"WeatherSwiftUIDemo/Preview Content\"";
				DEVELOPMENT_TEAM = J6VFVU93Z9;
				ENABLE_PREVIEWS = YES;
				INFOPLIST_FILE = WeatherSwiftUIDemo/Info.plist;
				IPHONEOS_DEPLOYMENT_TARGET = 13.0;
				LD_RUNPATH_SEARCH_PATHS = (
					"$(inherited)",
					"@executable_path/Frameworks",
				);
				PRODUCT_BUNDLE_IDENTIFIER = com.zcc.WeatherSwiftUIDemo;
				PRODUCT_NAME = weather;
				PROVISIONING_PROFILE_SPECIFIER = "";
				SUPPORTS_MACCATALYST = YES;
				SWIFT_VERSION = 5.0;
				TARGETED_DEVICE_FAMILY = "1,2";
			};
			name = Debug;
		};
		519872BA24F4BD6000ADC3F7 /* Release */ = {
			isa = XCBuildConfiguration;
			buildSettings = {
				ALWAYS_EMBED_SWIFT_STANDARD_LIBRARIES = YES;
				ASSETCATALOG_COMPILER_APPICON_NAME = AppIcon;
				CODE_SIGN_ENTITLEMENTS = WeatherSwiftUIDemo/weather.entitlements;
				CODE_SIGN_IDENTITY = "Apple Development";
				CODE_SIGN_STYLE = Automatic;
				DEVELOPMENT_ASSET_PATHS = "\"WeatherSwiftUIDemo/Preview Content\"";
				DEVELOPMENT_TEAM = J6VFVU93Z9;
				ENABLE_PREVIEWS = YES;
				INFOPLIST_FILE = WeatherSwiftUIDemo/Info.plist;
				IPHONEOS_DEPLOYMENT_TARGET = 13.0;
				LD_RUNPATH_SEARCH_PATHS = (
					"$(inherited)",
					"@executable_path/Frameworks",
				);
				PRODUCT_BUNDLE_IDENTIFIER = com.zcc.WeatherSwiftUIDemo;
				PRODUCT_NAME = weather;
				PROVISIONING_PROFILE_SPECIFIER = "";
				SUPPORTS_MACCATALYST = YES;
				SWIFT_VERSION = 5.0;
				TARGETED_DEVICE_FAMILY = "1,2";
			};
			name = Release;
		};
		519B176E251B200200284EF6 /* Debug */ = {
			isa = XCBuildConfiguration;
			buildSettings = {
				CODE_SIGN_ENTITLEMENTS = AddressIntent/AddressIntent.entitlements;
				CODE_SIGN_IDENTITY = "Apple Development";
				CODE_SIGN_STYLE = Automatic;
				DEVELOPMENT_TEAM = J6VFVU93Z9;
				INFOPLIST_FILE = AddressIntent/Info.plist;
				IPHONEOS_DEPLOYMENT_TARGET = 14.0;
				LD_RUNPATH_SEARCH_PATHS = (
					"$(inherited)",
					"@executable_path/Frameworks",
					"@executable_path/../../Frameworks",
				);
				PRODUCT_BUNDLE_IDENTIFIER = com.zcc.WeatherSwiftUIDemo.AddressIntent;
				PRODUCT_NAME = "$(TARGET_NAME)";
				SKIP_INSTALL = YES;
				SUPPORTS_MACCATALYST = YES;
				SWIFT_VERSION = 5.0;
				TARGETED_DEVICE_FAMILY = "1,2";
			};
			name = Debug;
		};
		519B176F251B200200284EF6 /* Release */ = {
			isa = XCBuildConfiguration;
			buildSettings = {
				CODE_SIGN_ENTITLEMENTS = AddressIntent/AddressIntent.entitlements;
				CODE_SIGN_IDENTITY = "Apple Development";
				CODE_SIGN_STYLE = Automatic;
				DEVELOPMENT_TEAM = J6VFVU93Z9;
				INFOPLIST_FILE = AddressIntent/Info.plist;
				IPHONEOS_DEPLOYMENT_TARGET = 14.0;
				LD_RUNPATH_SEARCH_PATHS = (
					"$(inherited)",
					"@executable_path/Frameworks",
					"@executable_path/../../Frameworks",
				);
				PRODUCT_BUNDLE_IDENTIFIER = com.zcc.WeatherSwiftUIDemo.AddressIntent;
				PRODUCT_NAME = "$(TARGET_NAME)";
				SKIP_INSTALL = YES;
				SUPPORTS_MACCATALYST = YES;
				SWIFT_VERSION = 5.0;
				TARGETED_DEVICE_FAMILY = "1,2";
			};
			name = Release;
		};
		51A6ACC625199E100094BDFB /* Debug */ = {
			isa = XCBuildConfiguration;
			buildSettings = {
				ASSETCATALOG_COMPILER_GLOBAL_ACCENT_COLOR_NAME = AccentColor;
				ASSETCATALOG_COMPILER_WIDGET_BACKGROUND_COLOR_NAME = WidgetBackground;
				CLANG_WARN_QUOTED_INCLUDE_IN_FRAMEWORK_HEADER = YES;
				CODE_SIGN_ENTITLEMENTS = TodayWeatherExtension.entitlements;
				CODE_SIGN_IDENTITY = "Apple Development";
				CODE_SIGN_STYLE = Automatic;
				DEVELOPMENT_TEAM = J6VFVU93Z9;
				INFOPLIST_FILE = TodayWeather/Info.plist;
				IPHONEOS_DEPLOYMENT_TARGET = 14.0;
				LD_RUNPATH_SEARCH_PATHS = (
					"$(inherited)",
					"@executable_path/Frameworks",
					"@executable_path/../../Frameworks",
				);
				PRODUCT_BUNDLE_IDENTIFIER = com.zcc.WeatherSwiftUIDemo.TodayWeather;
				PRODUCT_NAME = "$(TARGET_NAME)";
				SKIP_INSTALL = YES;
				SUPPORTS_MACCATALYST = YES;
				SWIFT_VERSION = 5.0;
				TARGETED_DEVICE_FAMILY = "1,2";
			};
			name = Debug;
		};
		51A6ACC725199E100094BDFB /* Release */ = {
			isa = XCBuildConfiguration;
			buildSettings = {
				ASSETCATALOG_COMPILER_GLOBAL_ACCENT_COLOR_NAME = AccentColor;
				ASSETCATALOG_COMPILER_WIDGET_BACKGROUND_COLOR_NAME = WidgetBackground;
				CLANG_WARN_QUOTED_INCLUDE_IN_FRAMEWORK_HEADER = YES;
				CODE_SIGN_ENTITLEMENTS = TodayWeatherExtension.entitlements;
				CODE_SIGN_IDENTITY = "Apple Development";
				CODE_SIGN_STYLE = Automatic;
				DEVELOPMENT_TEAM = J6VFVU93Z9;
				INFOPLIST_FILE = TodayWeather/Info.plist;
				IPHONEOS_DEPLOYMENT_TARGET = 14.0;
				LD_RUNPATH_SEARCH_PATHS = (
					"$(inherited)",
					"@executable_path/Frameworks",
					"@executable_path/../../Frameworks",
				);
				PRODUCT_BUNDLE_IDENTIFIER = com.zcc.WeatherSwiftUIDemo.TodayWeather;
				PRODUCT_NAME = "$(TARGET_NAME)";
				SKIP_INSTALL = YES;
				SUPPORTS_MACCATALYST = YES;
				SWIFT_VERSION = 5.0;
				TARGETED_DEVICE_FAMILY = "1,2";
			};
			name = Release;
		};
		51A6ACDF2519A2310094BDFB /* Debug */ = {
			isa = XCBuildConfiguration;
			buildSettings = {
				ASSETCATALOG_COMPILER_GLOBAL_ACCENT_COLOR_NAME = AccentColor;
				ASSETCATALOG_COMPILER_WIDGET_BACKGROUND_COLOR_NAME = WidgetBackground;
				CODE_SIGN_ENTITLEMENTS = SpecialDayExtension.entitlements;
				CODE_SIGN_IDENTITY = "Apple Development";
				CODE_SIGN_STYLE = Automatic;
				DEVELOPMENT_TEAM = J6VFVU93Z9;
				INFOPLIST_FILE = SpecialDay/Info.plist;
				IPHONEOS_DEPLOYMENT_TARGET = 14.0;
				LD_RUNPATH_SEARCH_PATHS = (
					"$(inherited)",
					"@executable_path/Frameworks",
					"@executable_path/../../Frameworks",
				);
				PRODUCT_BUNDLE_IDENTIFIER = com.zcc.WeatherSwiftUIDemo.SpecialDay;
				PRODUCT_NAME = "$(TARGET_NAME)";
				SKIP_INSTALL = YES;
				SUPPORTS_MACCATALYST = YES;
				SWIFT_VERSION = 5.0;
				TARGETED_DEVICE_FAMILY = "1,2";
			};
			name = Debug;
		};
		51A6ACE02519A2310094BDFB /* Release */ = {
			isa = XCBuildConfiguration;
			buildSettings = {
				ASSETCATALOG_COMPILER_GLOBAL_ACCENT_COLOR_NAME = AccentColor;
				ASSETCATALOG_COMPILER_WIDGET_BACKGROUND_COLOR_NAME = WidgetBackground;
				CODE_SIGN_ENTITLEMENTS = SpecialDayExtension.entitlements;
				CODE_SIGN_IDENTITY = "Apple Development";
				CODE_SIGN_STYLE = Automatic;
				DEVELOPMENT_TEAM = J6VFVU93Z9;
				INFOPLIST_FILE = SpecialDay/Info.plist;
				IPHONEOS_DEPLOYMENT_TARGET = 14.0;
				LD_RUNPATH_SEARCH_PATHS = (
					"$(inherited)",
					"@executable_path/Frameworks",
					"@executable_path/../../Frameworks",
				);
				PRODUCT_BUNDLE_IDENTIFIER = com.zcc.WeatherSwiftUIDemo.SpecialDay;
				PRODUCT_NAME = "$(TARGET_NAME)";
				SKIP_INSTALL = YES;
				SUPPORTS_MACCATALYST = YES;
				SWIFT_VERSION = 5.0;
				TARGETED_DEVICE_FAMILY = "1,2";
			};
			name = Release;
		};
/* End XCBuildConfiguration section */

/* Begin XCConfigurationList section */
		5198729F24F4BD5D00ADC3F7 /* Build configuration list for PBXProject "WeatherSwiftUIDemo" */ = {
			isa = XCConfigurationList;
			buildConfigurations = (
				519872B624F4BD6000ADC3F7 /* Debug */,
				519872B724F4BD6000ADC3F7 /* Release */,
			);
			defaultConfigurationIsVisible = 0;
			defaultConfigurationName = Release;
		};
		519872B824F4BD6000ADC3F7 /* Build configuration list for PBXNativeTarget "WeatherSwiftUIDemo" */ = {
			isa = XCConfigurationList;
			buildConfigurations = (
				519872B924F4BD6000ADC3F7 /* Debug */,
				519872BA24F4BD6000ADC3F7 /* Release */,
			);
			defaultConfigurationIsVisible = 0;
			defaultConfigurationName = Release;
		};
		519B176D251B200200284EF6 /* Build configuration list for PBXNativeTarget "AddressIntent" */ = {
			isa = XCConfigurationList;
			buildConfigurations = (
				519B176E251B200200284EF6 /* Debug */,
				519B176F251B200200284EF6 /* Release */,
			);
			defaultConfigurationIsVisible = 0;
			defaultConfigurationName = Release;
		};
		51A6ACC825199E100094BDFB /* Build configuration list for PBXNativeTarget "TodayWeatherExtension" */ = {
			isa = XCConfigurationList;
			buildConfigurations = (
				51A6ACC625199E100094BDFB /* Debug */,
				51A6ACC725199E100094BDFB /* Release */,
			);
			defaultConfigurationIsVisible = 0;
			defaultConfigurationName = Release;
		};
		51A6ACDE2519A2310094BDFB /* Build configuration list for PBXNativeTarget "SpecialDayExtension" */ = {
			isa = XCConfigurationList;
			buildConfigurations = (
				51A6ACDF2519A2310094BDFB /* Debug */,
				51A6ACE02519A2310094BDFB /* Release */,
			);
			defaultConfigurationIsVisible = 0;
			defaultConfigurationName = Release;
		};
/* End XCConfigurationList section */
	};
	rootObject = 5198729C24F4BD5D00ADC3F7 /* Project object */;
}
